
Microsoft Visual Studio Solution File, Format Version 12.00
# Visual Studio Version 17
VisualStudioVersion = 17.4.33213.308
MinimumVisualStudioVersion = 10.0.40219.1
Project("{FAE04EC0-301F-11D3-BF4B-00C04F79EFBC}") = "personal-account-api", "personal-account-api\personal-account-api.csproj", "{17F73324-D7D7-4F83-9552-A14446CCFA29}"
EndProject
Project("{FAE04EC0-301F-11D3-BF4B-00C04F79EFBC}") = "personal-account-data", "personal-account-data\personal-account-data.csproj", "{D88D6394-449C-4ECC-9D3D-16149A723DF9}"
EndProject
Project("{FAE04EC0-301F-11D3-BF4B-00C04F79EFBC}") = "personal-account-services", "personal-account-services\personal-account-services.csproj", "{D13930CB-7CFB-4196-B7B9-F592D24532EB}"
EndProject
Project("{FAE04EC0-301F-11D3-BF4B-00C04F79EFBC}") = "personal-account-tests", "personal-account-tests\personal-account-tests.csproj", "{706056AB-A1BA-43F9-B6CB-0AAEAF1B741F}"
EndProject
Global
	GlobalSection(SolutionConfigurationPlatforms) = preSolution
		Debug|Any CPU = Debug|Any CPU
		Release|Any CPU = Release|Any CPU
	EndGlobalSection
	GlobalSection(ProjectConfigurationPlatforms) = postSolution
		{17F73324-D7D7-4F83-9552-A14446CCFA29}.Debug|Any CPU.ActiveCfg = Debug|Any CPU
		{17F73324-D7D7-4F83-9552-A14446CCFA29}.Debug|Any CPU.Build.0 = Debug|Any CPU
		{17F73324-D7D7-4F83-9552-A14446CCFA29}.Release|Any CPU.ActiveCfg = Release|Any CPU
		{17F73324-D7D7-4F83-9552-A14446CCFA29}.Release|Any CPU.Build.0 = Release|Any CPU
		{D88D6394-449C-4ECC-9D3D-16149A723DF9}.Debug|Any CPU.ActiveCfg = Debug|Any CPU
		{D88D6394-449C-4ECC-9D3D-16149A723DF9}.Debug|Any CPU.Build.0 = Debug|Any CPU
		{D88D6394-449C-4ECC-9D3D-16149A723DF9}.Release|Any CPU.ActiveCfg = Release|Any CPU
		{D88D6394-449C-4ECC-9D3D-16149A723DF9}.Release|Any CPU.Build.0 = Release|Any CPU
		{D13930CB-7CFB-4196-B7B9-F592D24532EB}.Debug|Any CPU.ActiveCfg = Debug|Any CPU
		{D13930CB-7CFB-4196-B7B9-F592D24532EB}.Debug|Any CPU.Build.0 = Debug|Any CPU
		{D13930CB-7CFB-4196-B7B9-F592D24532EB}.Release|Any CPU.ActiveCfg = Release|Any CPU
		{D13930CB-7CFB-4196-B7B9-F592D24532EB}.Release|Any CPU.Build.0 = Release|Any CPU
		{706056AB-A1BA-43F9-B6CB-0AAEAF1B741F}.Debug|Any CPU.ActiveCfg = Debug|Any CPU
		{706056AB-A1BA-43F9-B6CB-0AAEAF1B741F}.Debug|Any CPU.Build.0 = Debug|Any CPU
		{706056AB-A1BA-43F9-B6CB-0AAEAF1B741F}.Release|Any CPU.ActiveCfg = Release|Any CPU
		{706056AB-A1BA-43F9-B6CB-0AAEAF1B741F}.Release|Any CPU.Build.0 = Release|Any CPU
	EndGlobalSection
	GlobalSection(SolutionProperties) = preSolution
		HideSolutionNode = FALSE
	EndGlobalSection
	GlobalSection(ExtensibilityGlobals) = postSolution
		SolutionGuid = {56C1EED5-B92B-4817-AE8E-ECF90A8A686D}
	EndGlobalSection
EndGlobal
